
Microsoft Visual Studio Solution File, Format Version 12.00
# Visual Studio Version 16
VisualStudioVersion = 16.0.29806.167
MinimumVisualStudioVersion = 10.0.40219.1
Project("{FAE04EC0-301F-11D3-BF4B-00C04F79EFBC}") = "BattleShipGame", "BattleShipGame\BattleShipGame.csproj", "{846DBE42-AFE5-4B36-8834-4BA396F7F072}"
EndProject
Project("{FAE04EC0-301F-11D3-BF4B-00C04F79EFBC}") = "BattleShipGameUI", "BattleShipGameUI\BattleShipGameUI.csproj", "{E732C714-FDD1-41D0-AA4A-16FC9AD2F323}"
EndProject
Project("{FAE04EC0-301F-11D3-BF4B-00C04F79EFBC}") = "BattleShipGame.Test", "BattleShipGame.Test\BattleShipGame.Test.csproj", "{C15C0F1E-876D-4383-9D98-F28FE1924EA2}"
EndProject
Global
	GlobalSection(SolutionConfigurationPlatforms) = preSolution
		Debug|Any CPU = Debug|Any CPU
		Release|Any CPU = Release|Any CPU
	EndGlobalSection
	GlobalSection(ProjectConfigurationPlatforms) = postSolution
		{846DBE42-AFE5-4B36-8834-4BA396F7F072}.Debug|Any CPU.ActiveCfg = Debug|Any CPU
		{846DBE42-AFE5-4B36-8834-4BA396F7F072}.Debug|Any CPU.Build.0 = Debug|Any CPU
		{846DBE42-AFE5-4B36-8834-4BA396F7F072}.Release|Any CPU.ActiveCfg = Release|Any CPU
		{846DBE42-AFE5-4B36-8834-4BA396F7F072}.Release|Any CPU.Build.0 = Release|Any CPU
		{E732C714-FDD1-41D0-AA4A-16FC9AD2F323}.Debug|Any CPU.ActiveCfg = Debug|Any CPU
		{E732C714-FDD1-41D0-AA4A-16FC9AD2F323}.Debug|Any CPU.Build.0 = Debug|Any CPU
		{E732C714-FDD1-41D0-AA4A-16FC9AD2F323}.Release|Any CPU.ActiveCfg = Release|Any CPU
		{E732C714-FDD1-41D0-AA4A-16FC9AD2F323}.Release|Any CPU.Build.0 = Release|Any CPU
		{C15C0F1E-876D-4383-9D98-F28FE1924EA2}.Debug|Any CPU.ActiveCfg = Debug|Any CPU
		{C15C0F1E-876D-4383-9D98-F28FE1924EA2}.Debug|Any CPU.Build.0 = Debug|Any CPU
		{C15C0F1E-876D-4383-9D98-F28FE1924EA2}.Release|Any CPU.ActiveCfg = Release|Any CPU
		{C15C0F1E-876D-4383-9D98-F28FE1924EA2}.Release|Any CPU.Build.0 = Release|Any CPU
	EndGlobalSection
	GlobalSection(SolutionProperties) = preSolution
		HideSolutionNode = FALSE
	EndGlobalSection
	GlobalSection(ExtensibilityGlobals) = postSolution
		SolutionGuid = {891F7956-64B4-4341-80CB-B8A1A7B1F84B}
	EndGlobalSection
EndGlobal
